
Microsoft Visual Studio Solution File, Format Version 12.00
# Visual Studio Version 16
VisualStudioVersion = 16.0.31019.35
MinimumVisualStudioVersion = 10.0.40219.1
Project("{FAE04EC0-301F-11D3-BF4B-00C04F79EFBC}") = "BolinhaConvertToPDF", "BolinhaConvertToPDF\BolinhaConvertToPDF.csproj", "{CCD9A3B5-9DF9-472E-BE8F-D0F4A7B107CC}"
EndProject
Global
	GlobalSection(SolutionConfigurationPlatforms) = preSolution
		Debug|Any CPU = Debug|Any CPU
		Release|Any CPU = Release|Any CPU
	EndGlobalSection
	GlobalSection(ProjectConfigurationPlatforms) = postSolution
		{CCD9A3B5-9DF9-472E-BE8F-D0F4A7B107CC}.Debug|Any CPU.ActiveCfg = Debug|Any CPU
		{CCD9A3B5-9DF9-472E-BE8F-D0F4A7B107CC}.Debug|Any CPU.Build.0 = Debug|Any CPU
		{CCD9A3B5-9DF9-472E-BE8F-D0F4A7B107CC}.Release|Any CPU.ActiveCfg = Release|Any CPU
		{CCD9A3B5-9DF9-472E-BE8F-D0F4A7B107CC}.Release|Any CPU.Build.0 = Release|Any CPU
	EndGlobalSection
	GlobalSection(SolutionProperties) = preSolution
		HideSolutionNode = FALSE
	EndGlobalSection
	GlobalSection(ExtensibilityGlobals) = postSolution
		SolutionGuid = {75687EDC-96A2-4E0D-AB72-EB7BF252EE72}
	EndGlobalSection
EndGlobal
